
Microsoft Visual Studio Solution File, Format Version 12.00
# Visual Studio Version 17
VisualStudioVersion = 17.2.32616.157
MinimumVisualStudioVersion = 10.0.40219.1
Project("{FAE04EC0-301F-11D3-BF4B-00C04F79EFBC}") = "TD1_SE_Ex5", "TD1_SE_Ex5.csproj", "{3415DB2E-8E28-4789-AA7E-B5878F491C2F}"
EndProject
Global
	GlobalSection(SolutionConfigurationPlatforms) = preSolution
		Debug|Any CPU = Debug|Any CPU
		Release|Any CPU = Release|Any CPU
	EndGlobalSection
	GlobalSection(ProjectConfigurationPlatforms) = postSolution
		{3415DB2E-8E28-4789-AA7E-B5878F491C2F}.Debug|Any CPU.ActiveCfg = Debug|Any CPU
		{3415DB2E-8E28-4789-AA7E-B5878F491C2F}.Debug|Any CPU.Build.0 = Debug|Any CPU
		{3415DB2E-8E28-4789-AA7E-B5878F491C2F}.Release|Any CPU.ActiveCfg = Release|Any CPU
		{3415DB2E-8E28-4789-AA7E-B5878F491C2F}.Release|Any CPU.Build.0 = Release|Any CPU
	EndGlobalSection
	GlobalSection(SolutionProperties) = preSolution
		HideSolutionNode = FALSE
	EndGlobalSection
	GlobalSection(ExtensibilityGlobals) = postSolution
		SolutionGuid = {F71F9764-34D7-4BEA-B62B-0F91309E0013}
	EndGlobalSection
EndGlobal
